
Microsoft Visual Studio Solution File, Format Version 12.00
# Visual Studio Version 16
VisualStudioVersion = 16.0.29418.71
MinimumVisualStudioVersion = 10.0.40219.1
Project("{9A19103F-16F7-4668-BE54-9A1E7A4F7556}") = "MyNatsClient", "MyNatsClient\MyNatsClient.csproj", "{509E85D1-89DC-4682-B375-32A6C77E4BEF}"
EndProject
Project("{9A19103F-16F7-4668-BE54-9A1E7A4F7556}") = "UnitTests", "UnitTests\UnitTests.csproj", "{BDB39882-DB23-418E-9074-2EA0BD743691}"
EndProject
Project("{9A19103F-16F7-4668-BE54-9A1E7A4F7556}") = "MyNatsClient.Encodings.Protobuf", "MyNatsClient.Encodings.Protobuf\MyNatsClient.Encodings.Protobuf.csproj", "{3862761E-12EC-4087-817F-ED3D765C3693}"
EndProject
Project("{2150E333-8FDC-42A3-9474-1A3956D46DE8}") = "Solution Items", "Solution Items", "{8537E787-3FC8-462D-8D49-6A8AB590336A}"
	ProjectSection(SolutionItems) = preProject
		Directory.Build.props = Directory.Build.props
	EndProjectSection
EndProject
Project("{9A19103F-16F7-4668-BE54-9A1E7A4F7556}") = "MyNatsClient.Encodings.Json", "MyNatsClient.Encodings.Json\MyNatsClient.Encodings.Json.csproj", "{331262C9-913C-47EA-A265-8F7EA9A83850}"
EndProject
Project("{9A19103F-16F7-4668-BE54-9A1E7A4F7556}") = "IntegrationTests", "IntegrationTests\IntegrationTests.csproj", "{DB63AC57-292E-494F-90B4-734E6D2DAA85}"
EndProject
Project("{2150E333-8FDC-42A3-9474-1A3956D46DE8}") = "Tests", "Tests", "{BDD5D742-B315-4003-93E3-623CF365FAA5}"
EndProject
Project("{2150E333-8FDC-42A3-9474-1A3956D46DE8}") = "Samples", "Samples", "{67EF08EB-6EBF-4BD7-A100-407EDF47C24E}"
EndProject
Project("{9A19103F-16F7-4668-BE54-9A1E7A4F7556}") = "RequestResponseSample", "Samples\RequestResponseSample\RequestResponseSample.csproj", "{AEC8AC0D-03A8-452F-BC49-A5999F18320C}"
EndProject
Project("{FAE04EC0-301F-11D3-BF4B-00C04F79EFBC}") = "Benchmarks", "Samples\Benchmarks\Benchmarks.csproj", "{1AA4BBBA-21F9-4D33-8224-45EE41B82369}"
EndProject
Global
	GlobalSection(SolutionConfigurationPlatforms) = preSolution
		Debug|Any CPU = Debug|Any CPU
		Release|Any CPU = Release|Any CPU
	EndGlobalSection
	GlobalSection(ProjectConfigurationPlatforms) = postSolution
		{509E85D1-89DC-4682-B375-32A6C77E4BEF}.Debug|Any CPU.ActiveCfg = Debug|Any CPU
		{509E85D1-89DC-4682-B375-32A6C77E4BEF}.Debug|Any CPU.Build.0 = Debug|Any CPU
		{509E85D1-89DC-4682-B375-32A6C77E4BEF}.Release|Any CPU.ActiveCfg = Release|Any CPU
		{509E85D1-89DC-4682-B375-32A6C77E4BEF}.Release|Any CPU.Build.0 = Release|Any CPU
		{BDB39882-DB23-418E-9074-2EA0BD743691}.Debug|Any CPU.ActiveCfg = Debug|Any CPU
		{BDB39882-DB23-418E-9074-2EA0BD743691}.Debug|Any CPU.Build.0 = Debug|Any CPU
		{BDB39882-DB23-418E-9074-2EA0BD743691}.Release|Any CPU.ActiveCfg = Release|Any CPU
		{BDB39882-DB23-418E-9074-2EA0BD743691}.Release|Any CPU.Build.0 = Release|Any CPU
		{3862761E-12EC-4087-817F-ED3D765C3693}.Debug|Any CPU.ActiveCfg = Debug|Any CPU
		{3862761E-12EC-4087-817F-ED3D765C3693}.Debug|Any CPU.Build.0 = Debug|Any CPU
		{3862761E-12EC-4087-817F-ED3D765C3693}.Release|Any CPU.ActiveCfg = Release|Any CPU
		{3862761E-12EC-4087-817F-ED3D765C3693}.Release|Any CPU.Build.0 = Release|Any CPU
		{331262C9-913C-47EA-A265-8F7EA9A83850}.Debug|Any CPU.ActiveCfg = Debug|Any CPU
		{331262C9-913C-47EA-A265-8F7EA9A83850}.Debug|Any CPU.Build.0 = Debug|Any CPU
		{331262C9-913C-47EA-A265-8F7EA9A83850}.Release|Any CPU.ActiveCfg = Release|Any CPU
		{331262C9-913C-47EA-A265-8F7EA9A83850}.Release|Any CPU.Build.0 = Release|Any CPU
		{DB63AC57-292E-494F-90B4-734E6D2DAA85}.Debug|Any CPU.ActiveCfg = Debug|Any CPU
		{DB63AC57-292E-494F-90B4-734E6D2DAA85}.Debug|Any CPU.Build.0 = Debug|Any CPU
		{DB63AC57-292E-494F-90B4-734E6D2DAA85}.Release|Any CPU.ActiveCfg = Release|Any CPU
		{DB63AC57-292E-494F-90B4-734E6D2DAA85}.Release|Any CPU.Build.0 = Release|Any CPU
		{AEC8AC0D-03A8-452F-BC49-A5999F18320C}.Debug|Any CPU.ActiveCfg = Debug|Any CPU
		{AEC8AC0D-03A8-452F-BC49-A5999F18320C}.Debug|Any CPU.Build.0 = Debug|Any CPU
		{AEC8AC0D-03A8-452F-BC49-A5999F18320C}.Release|Any CPU.ActiveCfg = Release|Any CPU
		{AEC8AC0D-03A8-452F-BC49-A5999F18320C}.Release|Any CPU.Build.0 = Release|Any CPU
		{1AA4BBBA-21F9-4D33-8224-45EE41B82369}.Debug|Any CPU.ActiveCfg = Debug|Any CPU
		{1AA4BBBA-21F9-4D33-8224-45EE41B82369}.Debug|Any CPU.Build.0 = Debug|Any CPU
		{1AA4BBBA-21F9-4D33-8224-45EE41B82369}.Release|Any CPU.ActiveCfg = Release|Any CPU
		{1AA4BBBA-21F9-4D33-8224-45EE41B82369}.Release|Any CPU.Build.0 = Release|Any CPU
	EndGlobalSection
	GlobalSection(SolutionProperties) = preSolution
		HideSolutionNode = FALSE
	EndGlobalSection
	GlobalSection(NestedProjects) = preSolution
		{BDB39882-DB23-418E-9074-2EA0BD743691} = {BDD5D742-B315-4003-93E3-623CF365FAA5}
		{DB63AC57-292E-494F-90B4-734E6D2DAA85} = {BDD5D742-B315-4003-93E3-623CF365FAA5}
		{AEC8AC0D-03A8-452F-BC49-A5999F18320C} = {67EF08EB-6EBF-4BD7-A100-407EDF47C24E}
		{1AA4BBBA-21F9-4D33-8224-45EE41B82369} = {67EF08EB-6EBF-4BD7-A100-407EDF47C24E}
	EndGlobalSection
	GlobalSection(ExtensibilityGlobals) = postSolution
		SolutionGuid = {8EC07F8D-0B36-4E4D-80ED-A6A95214AA0D}
	EndGlobalSection
EndGlobal
