
Microsoft Visual Studio Solution File, Format Version 12.00
# Visual Studio 14
VisualStudioVersion = 14.0.25420.1
MinimumVisualStudioVersion = 10.0.40219.1
Project("{2150E333-8FDC-42A3-9474-1A3956D46DE8}") = "Solution Items", "Solution Items", "{7B9B89BC-D376-49E1-B51E-13550066C730}"
	ProjectSection(SolutionItems) = preProject
		global.json = global.json
		GlobalAssemblyInfo.cs = GlobalAssemblyInfo.cs
	EndProjectSection
EndProject
Project("{8BB2217D-0F2D-49D1-97BC-3654ED321F3B}") = "MyNatsClient.UnitTests", "tests\MyNatsClient.UnitTests\MyNatsClient.UnitTests.xproj", "{3DC7CBD6-E8CC-4F6B-B47C-C8395BA25B3F}"
EndProject
Project("{2150E333-8FDC-42A3-9474-1A3956D46DE8}") = "tests", "tests", "{92A220F9-8774-4C22-924F-60502D9E95CD}"
EndProject
Project("{8BB2217D-0F2D-49D1-97BC-3654ED321F3B}") = "MyNatsClient", "projects\MyNatsClient\MyNatsClient.xproj", "{B5DDA3C3-419B-4F63-B27B-3BA4068C293F}"
EndProject
Project("{8BB2217D-0F2D-49D1-97BC-3654ED321F3B}") = "MyNatsClient.IntegrationTests", "tests\MyNatsClient.IntegrationTests\MyNatsClient.IntegrationTests.xproj", "{29BBD0CB-655B-45B4-BE2A-1038BBE70E31}"
EndProject
Project("{8BB2217D-0F2D-49D1-97BC-3654ED321F3B}") = "MyNatsClient.Rx", "projects\MyNatsClient.Rx\MyNatsClient.Rx.xproj", "{FD8A78B1-7D0A-4418-8935-408B09E61781}"
EndProject
Project("{8BB2217D-0F2D-49D1-97BC-3654ED321F3B}") = "MrSam", "samples\MrSam\MrSam.xproj", "{65D4DAAF-D3D2-4E96-8499-4F1DF726CC13}"
EndProject
Project("{2150E333-8FDC-42A3-9474-1A3956D46DE8}") = "Samples", "Samples", "{D4BAB645-A2CA-4A4E-80C2-EC31EBFC6A76}"
EndProject
Global
	GlobalSection(SolutionConfigurationPlatforms) = preSolution
		Debug|Any CPU = Debug|Any CPU
		Release|Any CPU = Release|Any CPU
	EndGlobalSection
	GlobalSection(ProjectConfigurationPlatforms) = postSolution
		{3DC7CBD6-E8CC-4F6B-B47C-C8395BA25B3F}.Debug|Any CPU.ActiveCfg = Debug|Any CPU
		{3DC7CBD6-E8CC-4F6B-B47C-C8395BA25B3F}.Debug|Any CPU.Build.0 = Debug|Any CPU
		{3DC7CBD6-E8CC-4F6B-B47C-C8395BA25B3F}.Release|Any CPU.ActiveCfg = Release|Any CPU
		{3DC7CBD6-E8CC-4F6B-B47C-C8395BA25B3F}.Release|Any CPU.Build.0 = Release|Any CPU
		{B5DDA3C3-419B-4F63-B27B-3BA4068C293F}.Debug|Any CPU.ActiveCfg = Debug|Any CPU
		{B5DDA3C3-419B-4F63-B27B-3BA4068C293F}.Debug|Any CPU.Build.0 = Debug|Any CPU
		{B5DDA3C3-419B-4F63-B27B-3BA4068C293F}.Release|Any CPU.ActiveCfg = Release|Any CPU
		{B5DDA3C3-419B-4F63-B27B-3BA4068C293F}.Release|Any CPU.Build.0 = Release|Any CPU
		{29BBD0CB-655B-45B4-BE2A-1038BBE70E31}.Debug|Any CPU.ActiveCfg = Debug|Any CPU
		{29BBD0CB-655B-45B4-BE2A-1038BBE70E31}.Debug|Any CPU.Build.0 = Debug|Any CPU
		{29BBD0CB-655B-45B4-BE2A-1038BBE70E31}.Release|Any CPU.ActiveCfg = Release|Any CPU
		{29BBD0CB-655B-45B4-BE2A-1038BBE70E31}.Release|Any CPU.Build.0 = Release|Any CPU
		{FD8A78B1-7D0A-4418-8935-408B09E61781}.Debug|Any CPU.ActiveCfg = Debug|Any CPU
		{FD8A78B1-7D0A-4418-8935-408B09E61781}.Debug|Any CPU.Build.0 = Debug|Any CPU
		{FD8A78B1-7D0A-4418-8935-408B09E61781}.Release|Any CPU.ActiveCfg = Release|Any CPU
		{FD8A78B1-7D0A-4418-8935-408B09E61781}.Release|Any CPU.Build.0 = Release|Any CPU
		{65D4DAAF-D3D2-4E96-8499-4F1DF726CC13}.Debug|Any CPU.ActiveCfg = Debug|Any CPU
		{65D4DAAF-D3D2-4E96-8499-4F1DF726CC13}.Debug|Any CPU.Build.0 = Debug|Any CPU
		{65D4DAAF-D3D2-4E96-8499-4F1DF726CC13}.Release|Any CPU.ActiveCfg = Release|Any CPU
		{65D4DAAF-D3D2-4E96-8499-4F1DF726CC13}.Release|Any CPU.Build.0 = Release|Any CPU
	EndGlobalSection
	GlobalSection(SolutionProperties) = preSolution
		HideSolutionNode = FALSE
	EndGlobalSection
	GlobalSection(NestedProjects) = preSolution
		{3DC7CBD6-E8CC-4F6B-B47C-C8395BA25B3F} = {92A220F9-8774-4C22-924F-60502D9E95CD}
		{29BBD0CB-655B-45B4-BE2A-1038BBE70E31} = {92A220F9-8774-4C22-924F-60502D9E95CD}
	EndGlobalSection
EndGlobal
